
Microsoft Visual Studio Solution File, Format Version 12.00
# Visual Studio Version 16
VisualStudioVersion = 16.0.31313.79
MinimumVisualStudioVersion = 10.0.40219.1
Project("{FAE04EC0-301F-11D3-BF4B-00C04F79EFBC}") = "DataTables", "DataTables\DataTables.csproj", "{59565889-6360-4FFD-A623-4008C63723EE}"
EndProject
Global
	GlobalSection(SolutionConfigurationPlatforms) = preSolution
		Debug|Any CPU = Debug|Any CPU
		Release|Any CPU = Release|Any CPU
	EndGlobalSection
	GlobalSection(ProjectConfigurationPlatforms) = postSolution
		{59565889-6360-4FFD-A623-4008C63723EE}.Debug|Any CPU.ActiveCfg = Debug|Any CPU
		{59565889-6360-4FFD-A623-4008C63723EE}.Debug|Any CPU.Build.0 = Debug|Any CPU
		{59565889-6360-4FFD-A623-4008C63723EE}.Release|Any CPU.ActiveCfg = Release|Any CPU
		{59565889-6360-4FFD-A623-4008C63723EE}.Release|Any CPU.Build.0 = Release|Any CPU
	EndGlobalSection
	GlobalSection(SolutionProperties) = preSolution
		HideSolutionNode = FALSE
	EndGlobalSection
	GlobalSection(ExtensibilityGlobals) = postSolution
		SolutionGuid = {70A1D884-9404-41A0-BEF2-9EF48EB11FC7}
	EndGlobalSection
EndGlobal
